
Microsoft Visual Studio Solution File, Format Version 12.00
# Visual Studio Version 16
VisualStudioVersion = 16.0.30517.126
MinimumVisualStudioVersion = 10.0.40219.1
Project("{FAE04EC0-301F-11D3-BF4B-00C04F79EFBC}") = "JIL-BlazorApp-SR", "JIL-BlazorApp-SR\JIL-BlazorApp-SR.csproj", "{7B60C7C0-CA7F-44C3-96E2-0D2DC07013D2}"
EndProject
Global
	GlobalSection(SolutionConfigurationPlatforms) = preSolution
		Debug|Any CPU = Debug|Any CPU
		Release|Any CPU = Release|Any CPU
	EndGlobalSection
	GlobalSection(ProjectConfigurationPlatforms) = postSolution
		{7B60C7C0-CA7F-44C3-96E2-0D2DC07013D2}.Debug|Any CPU.ActiveCfg = Debug|Any CPU
		{7B60C7C0-CA7F-44C3-96E2-0D2DC07013D2}.Debug|Any CPU.Build.0 = Debug|Any CPU
		{7B60C7C0-CA7F-44C3-96E2-0D2DC07013D2}.Release|Any CPU.ActiveCfg = Release|Any CPU
		{7B60C7C0-CA7F-44C3-96E2-0D2DC07013D2}.Release|Any CPU.Build.0 = Release|Any CPU
	EndGlobalSection
	GlobalSection(SolutionProperties) = preSolution
		HideSolutionNode = FALSE
	EndGlobalSection
	GlobalSection(ExtensibilityGlobals) = postSolution
		SolutionGuid = {39A1D239-0456-4B96-827C-0C570D04D674}
	EndGlobalSection
EndGlobal
